PODS:
  - audioplayers_darwin (0.0.1):
    - Flutter
  - Flutter (1.0.0)
  - flutter_vlc_player (3.0.3):
    - Flutter
    - MobileVLCKit (~> 3.6.0b9)
  - MobileVLCKit (3.6.0b10)
  - path_provider_foundation (0.0.1):
    - Flutter
    - FlutterMacOS
  - shared_preferences_foundation (0.0.1):
    - Flutter
    - FlutterMacOS
  - webview_flutter_wkwebview (0.0.1):
    - Flutter

DEPENDENCIES:
  - audioplayers_darwin (from `.symlinks/plugins/audioplayers_darwin/ios`)
  - Flutter (from `Flutter`)
  - flutter_vlc_player (from `.symlinks/plugins/flutter_vlc_player/ios`)
  - path_provider_foundation (from `.symlinks/plugins/path_provider_foundation/darwin`)
  - shared_preferences_foundation (from `.symlinks/plugins/shared_preferences_foundation/darwin`)
  - webview_flutter_wkwebview (from `.symlinks/plugins/webview_flutter_wkwebview/ios`)

SPEC REPOS:
  trunk:
    - MobileVLCKit

EXTERNAL SOURCES:
  audioplayers_darwin:
    :path: ".symlinks/plugins/audioplayers_darwin/ios"
  Flutter:
    :path: Flutter
  flutter_vlc_player:
    :path: ".symlinks/plugins/flutter_vlc_player/ios"
  path_provider_foundation:
    :path: ".symlinks/plugins/path_provider_foundation/darwin"
  shared_preferences_foundation:
    :path: ".symlinks/plugins/shared_preferences_foundation/darwin"
  webview_flutter_wkwebview:
    :path: ".symlinks/plugins/webview_flutter_wkwebview/ios"

SPEC CHECKSUMS:
  audioplayers_darwin: 877d9a4d06331c5c374595e46e16453ac7eafa40
  Flutter: f04841e97a9d0b0a8025694d0796dd46242b2854
  flutter_vlc_player: 2e318881576450ff081eb023d47c289f2c6681eb
  MobileVLCKit: 5600003cf2dc47acf7ad2fd87fe9f3739b2475ed
  path_provider_foundation: 29f094ae23ebbca9d3d0cec13889cd9060c0e943
  shared_preferences_foundation: 5b919d13b803cadd15ed2dc053125c68730e5126
  webview_flutter_wkwebview: 4f3e50f7273d31e5500066ed267e3ae4309c5ae4

PODFILE CHECKSUM: 70d9d25280d0dd177a5f637cdb0f0b0b12c6a189

COCOAPODS: 1.12.1
